Microsoft Visual Studio Solution File, Format Version 11.00
# Visual Studio 2010
Project("{FAE04EC0-301F-11D3-BF4B-00C04F79EFBC}") = "Assembly-CSharp", "Assembly-CSharp.csproj", "{3718B918-72F1-2CFD-A1F3-A8F74174D5BB}"
EndProject
Project("{FAE04EC0-301F-11D3-BF4B-00C04F79EFBC}") = "Assembly-CSharp-firstpass", "Assembly-CSharp-firstpass.csproj", "{E6B8A95C-8AC0-BCE2-CE7C-804F65C61CE6}"
EndProject
Project("{FAE04EC0-301F-11D3-BF4B-00C04F79EFBC}") = "Assembly-CSharp-Editor", "Assembly-CSharp-Editor.csproj", "{F5380D4F-35CE-A040-9C08-5ECD44755916}"
EndProject
Project("{FAE04EC0-301F-11D3-BF4B-00C04F79EFBC}") = "Assembly-CSharp-Editor-firstpass", "Assembly-CSharp-Editor-firstpass.csproj", "{37460DDC-6EB3-5259-A9A5-8CD5C3E0885F}"
EndProject
Global
	GlobalSection(SolutionConfigurationPlatforms) = preSolution
		Debug|Any CPU = Debug|Any CPU
		Release|Any CPU = Release|Any CPU
	EndGlobalSection
	GlobalSection(ProjectConfigurationPlatforms) = postSolution
		{3718B918-72F1-2CFD-A1F3-A8F74174D5BB}.Debug|Any CPU.ActiveCfg = Debug|Any CPU
		{3718B918-72F1-2CFD-A1F3-A8F74174D5BB}.Debug|Any CPU.Build.0 = Debug|Any CPU
		{3718B918-72F1-2CFD-A1F3-A8F74174D5BB}.Release|Any CPU.ActiveCfg = Release|Any CPU
		{3718B918-72F1-2CFD-A1F3-A8F74174D5BB}.Release|Any CPU.Build.0 = Release|Any CPU
		{E6B8A95C-8AC0-BCE2-CE7C-804F65C61CE6}.Debug|Any CPU.ActiveCfg = Debug|Any CPU
		{E6B8A95C-8AC0-BCE2-CE7C-804F65C61CE6}.Debug|Any CPU.Build.0 = Debug|Any CPU
		{E6B8A95C-8AC0-BCE2-CE7C-804F65C61CE6}.Release|Any CPU.ActiveCfg = Release|Any CPU
		{E6B8A95C-8AC0-BCE2-CE7C-804F65C61CE6}.Release|Any CPU.Build.0 = Release|Any CPU
		{F5380D4F-35CE-A040-9C08-5ECD44755916}.Debug|Any CPU.ActiveCfg = Debug|Any CPU
		{F5380D4F-35CE-A040-9C08-5ECD44755916}.Debug|Any CPU.Build.0 = Debug|Any CPU
		{F5380D4F-35CE-A040-9C08-5ECD44755916}.Release|Any CPU.ActiveCfg = Release|Any CPU
		{F5380D4F-35CE-A040-9C08-5ECD44755916}.Release|Any CPU.Build.0 = Release|Any CPU
		{37460DDC-6EB3-5259-A9A5-8CD5C3E0885F}.Debug|Any CPU.ActiveCfg = Debug|Any CPU
		{37460DDC-6EB3-5259-A9A5-8CD5C3E0885F}.Debug|Any CPU.Build.0 = Debug|Any CPU
		{37460DDC-6EB3-5259-A9A5-8CD5C3E0885F}.Release|Any CPU.ActiveCfg = Release|Any CPU
		{37460DDC-6EB3-5259-A9A5-8CD5C3E0885F}.Release|Any CPU.Build.0 = Release|Any CPU
	EndGlobalSection
	GlobalSection(SolutionProperties) = preSolution
		HideSolutionNode = FALSE
	EndGlobalSection
	GlobalSection(MonoDevelopProperties) = preSolution
		StartupItem = Assembly-CSharp.csproj
	EndGlobalSection
EndGlobal
